// !$*UTF8*$!
{
	archiveVersion = 1;
	classes = {
	};
	objectVersion = 77;
	objects = {

/* Begin PBXBuildFile section */
		922749672EF500F200B1DF91 /* Model.swift in Sources */ = {isa = PBXBuildFile; fileRef = 922749662EF500F200B1DF91 /* Model.swift */; };
		922749692EF5014F00B1DF91 /* splashViewModel.swift in Sources */ = {isa = PBXBuildFile; fileRef = 922749682EF5014F00B1DF91 /* splashViewModel.swift */; };
		9227496B2EF5017800B1DF91 /* gameViewModel.swift in Sources */ = {isa = PBXBuildFile; fileRef = 9227496A2EF5017800B1DF91 /* gameViewModel.swift */; };
		9227496D2EF5019700B1DF91 /* splashView.swift in Sources */ = {isa = PBXBuildFile; fileRef = 9227496C2EF5019700B1DF91 /* splashView.swift */; };
		9227496F2EF501F600B1DF91 /* gameView.swift in Sources */ = {isa = PBXBuildFile; fileRef = 9227496E2EF501F600B1DF91 /* gameView.swift */; };
/* End PBXBuildFile section */

/* Begin PBXContainerItemProxy section */
		922749442EF5008200B1DF91 /* PBXContainerItemProxy */ = {
			isa = PBXContainerItemProxy;
			containerPortal = 9227492E2EF5008000B1DF91 /* Project object */;
			proxyType = 1;
			remoteGlobalIDString = 922749352EF5008000B1DF91;
			remoteInfo = ticTacToeApp;
		};
		9227494E2EF5008200B1DF91 /* PBXContainerItemProxy */ = {
			isa = PBXContainerItemProxy;
			containerPortal = 9227492E2EF5008000B1DF91 /* Project object */;
			proxyType = 1;
			remoteGlobalIDString = 922749352EF5008000B1DF91;
			remoteInfo = ticTacToeApp;
		};
/* End PBXContainerItemProxy section */

/* Begin PBXFileReference section */
		922749362EF5008000B1DF91 /* ticTacToeApp.app */ = {isa = PBXFileReference; explicitFileType = wrapper.application; includeInIndex = 0; path = ticTacToeApp.app; sourceTree = BUILT_PRODUCTS_DIR; };
		922749432EF5008200B1DF91 /* ticTacToeAppTests.xctest */ = {isa = PBXFileReference; explicitFileType = wrapper.cfbundle; includeInIndex = 0; path = ticTacToeAppTests.xctest; sourceTree = BUILT_PRODUCTS_DIR; };
		9227494D2EF5008200B1DF91 /* ticTacToeAppUITests.xctest */ = {isa = PBXFileReference; explicitFileType = wrapper.cfbundle; includeInIndex = 0; path = ticTacToeAppUITests.xctest; sourceTree = BUILT_PRODUCTS_DIR; };
		922749662EF500F200B1DF91 /* Model.swift */ = {isa = PBXFileReference; lastKnownFileType = sourcecode.swift; path = Model.swift; sourceTree = "<group>"; };
		922749682EF5014F00B1DF91 /* splashViewModel.swift */ = {isa = PBXFileReference; lastKnownFileType = sourcecode.swift; path = splashViewModel.swift; sourceTree = "<group>"; };
		9227496A2EF5017800B1DF91 /* gameViewModel.swift */ = {isa = PBXFileReference; lastKnownFileType = sourcecode.swift; path = gameViewModel.swift; sourceTree = "<group>"; };
		9227496C2EF5019700B1DF91 /* splashView.swift */ = {isa = PBXFileReference; lastKnownFileType = sourcecode.swift; path = splashView.swift; sourceTree = "<group>"; };
		9227496E2EF501F600B1DF91 /* gameView.swift */ = {isa = PBXFileReference; lastKnownFileType = sourcecode.swift; path = gameView.swift; sourceTree = "<group>"; };
/* End PBXFileReference section */

/* Begin PBXFileSystemSynchronizedRootGroup section */
		922749382EF5008000B1DF91 /* ticTacToeApp */ = {
			isa = PBXFileSystemSynchronizedRootGroup;
			path = ticTacToeApp;
			sourceTree = "<group>";
		};
		922749462EF5008200B1DF91 /* ticTacToeAppTests */ = {
			isa = PBXFileSystemSynchronizedRootGroup;
			path = ticTacToeAppTests;
			sourceTree = "<group>";
		};
		922749502EF5008200B1DF91 /* ticTacToeAppUITests */ = {
			isa = PBXFileSystemSynchronizedRootGroup;
			path = ticTacToeAppUITests;
			sourceTree = "<group>";
		};
/* End PBXFileSystemSynchronizedRootGroup section */

/* Begin PBXFrameworksBuildPhase section */
		922749332EF5008000B1DF91 /* Frameworks */ = {
			isa = PBXFrameworksBuildPhase;
			buildActionMask = 2147483647;
			files = (
			);
			runOnlyForDeploymentPostprocessing = 0;
		};
		922749402EF5008200B1DF91 /* Frameworks */ = {
			isa = PBXFrameworksBuildPhase;
			buildActionMask = 2147483647;
			files = (
			);
			runOnlyForDeploymentPostprocessing = 0;
		};
		9227494A2EF5008200B1DF91 /* Frameworks */ = {
			isa = PBXFrameworksBuildPhase;
			buildActionMask = 2147483647;
			files = (
			);
			runOnlyForDeploymentPostprocessing = 0;
		};
/* End PBXFrameworksBuildPhase section */

/* Begin PBXGroup section */
		9227492D2EF5008000B1DF91 = {
			isa = PBXGroup;
			children = (
				922749652EF500D300B1DF91 /* model */,
				922749612EF5009700B1DF91 /* views */,
				922749602EF5009200B1DF91 /* viewModel */,
				922749382EF5008000B1DF91 /* ticTacToeApp */,
				922749462EF5008200B1DF91 /* ticTacToeAppTests */,
				922749502EF5008200B1DF91 /* ticTacToeAppUITests */,
				922749372EF5008000B1DF91 /* Products */,
			);
			sourceTree = "<group>";
		};
		922749372EF5008000B1DF91 /* Products */ = {
			isa = PBXGroup;
			children = (
				922749362EF5008000B1DF91 /* ticTacToeApp.app */,
				922749432EF5008200B1DF91 /* ticTacToeAppTests.xctest */,
				9227494D2EF5008200B1DF91 /* ticTacToeAppUITests.xctest */,
			);
			name = Products;
			sourceTree = "<group>";
		};
		922749602EF5009200B1DF91 /* viewModel */ = {
			isa = PBXGroup;
			children = (
				922749682EF5014F00B1DF91 /* splashViewModel.swift */,
				9227496A2EF5017800B1DF91 /* gameViewModel.swift */,
			);
			path = viewModel;
			sourceTree = "<group>";
		};
		922749612EF5009700B1DF91 /* views */ = {
			isa = PBXGroup;
			children = (
				9227496C2EF5019700B1DF91 /* splashView.swift */,
				9227496E2EF501F600B1DF91 /* gameView.swift */,
			);
			path = views;
			sourceTree = "<group>";
		};
		922749652EF500D300B1DF91 /* model */ = {
			isa = PBXGroup;
			children = (
				922749662EF500F200B1DF91 /* Model.swift */,
			);
			path = model;
			sourceTree = "<group>";
		};
/* End PBXGroup section */

/* Begin PBXNativeTarget section */
		922749352EF5008000B1DF91 /* ticTacToeApp */ = {
			isa = PBXNativeTarget;
			buildConfigurationList = 922749572EF5008200B1DF91 /* Build configuration list for PBXNativeTarget "ticTacToeApp" */;
			buildPhases = (
				922749322EF5008000B1DF91 /* Sources */,
				922749332EF5008000B1DF91 /* Frameworks */,
				922749342EF5008000B1DF91 /* Resources */,
			);
			buildRules = (
			);
			dependencies = (
			);
			fileSystemSynchronizedGroups = (
				922749382EF5008000B1DF91 /* ticTacToeApp */,
			);
			name = ticTacToeApp;
			packageProductDependencies = (
			);
			productName = ticTacToeApp;
			productReference = 922749362EF5008000B1DF91 /* ticTacToeApp.app */;
			productType = "com.apple.product-type.application";
		};
		922749422EF5008200B1DF91 /* ticTacToeAppTests */ = {
			isa = PBXNativeTarget;
			buildConfigurationList = 9227495A2EF5008200B1DF91 /* Build configuration list for PBXNativeTarget "ticTacToeAppTests" */;
			buildPhases = (
				9227493F2EF5008200B1DF91 /* Sources */,
				922749402EF5008200B1DF91 /* Frameworks */,
				922749412EF5008200B1DF91 /* Resources */,
			);
			buildRules = (
			);
			dependencies = (
				922749452EF5008200B1DF91 /* PBXTargetDependency */,
			);
			fileSystemSynchronizedGroups = (
				922749462EF5008200B1DF91 /* ticTacToeAppTests */,
			);
			name = ticTacToeAppTests;
			packageProductDependencies = (
			);
			productName = ticTacToeAppTests;
			productReference = 922749432EF5008200B1DF91 /* ticTacToeAppTests.xctest */;
			productType = "com.apple.product-type.bundle.unit-test";
		};
		9227494C2EF5008200B1DF91 /* ticTacToeAppUITests */ = {
			isa = PBXNativeTarget;
			buildConfigurationList = 9227495D2EF5008200B1DF91 /* Build configuration list for PBXNativeTarget "ticTacToeAppUITests" */;
			buildPhases = (
				922749492EF5008200B1DF91 /* Sources */,
				9227494A2EF5008200B1DF91 /* Frameworks */,
				9227494B2EF5008200B1DF91 /* Resources */,
			);
			buildRules = (
			);
			dependencies = (
				9227494F2EF5008200B1DF91 /* PBXTargetDependency */,
			);
			fileSystemSynchronizedGroups = (
				922749502EF5008200B1DF91 /* ticTacToeAppUITests */,
			);
			name = ticTacToeAppUITests;
			packageProductDependencies = (
			);
			productName = ticTacToeAppUITests;
			productReference = 9227494D2EF5008200B1DF91 /* ticTacToeAppUITests.xctest */;
			productType = "com.apple.product-type.bundle.ui-testing";
		};
/* End PBXNativeTarget section */

/* Begin PBXProject section */
		9227492E2EF5008000B1DF91 /* Project object */ = {
			isa = PBXProject;
			attributes = {
				BuildIndependentTargetsInParallel = 1;
				LastSwiftUpdateCheck = 1640;
				LastUpgradeCheck = 1640;
				TargetAttributes = {
					922749352EF5008000B1DF91 = {
						CreatedOnToolsVersion = 16.4;
					};
					922749422EF5008200B1DF91 = {
						CreatedOnToolsVersion = 16.4;
						TestTargetID = 922749352EF5008000B1DF91;
					};
					9227494C2EF5008200B1DF91 = {
						CreatedOnToolsVersion = 16.4;
						TestTargetID = 922749352EF5008000B1DF91;
					};
				};
			};
			buildConfigurationList = 922749312EF5008000B1DF91 /* Build configuration list for PBXProject "ticTacToeApp" */;
			developmentRegion = en;
			hasScannedForEncodings = 0;
			knownRegions = (
				en,
				Base,
			);
			mainGroup = 9227492D2EF5008000B1DF91;
			minimizedProjectReferenceProxies = 1;
			preferredProjectObjectVersion = 77;
			productRefGroup = 922749372EF5008000B1DF91 /* Products */;
			projectDirPath = "";
			projectRoot = "";
			targets = (
				922749352EF5008000B1DF91 /* ticTacToeApp */,
				922749422EF5008200B1DF91 /* ticTacToeAppTests */,
				9227494C2EF5008200B1DF91 /* ticTacToeAppUITests */,
			);
		};
/* End PBXProject section */

/* Begin PBXResourcesBuildPhase section */
		922749342EF5008000B1DF91 /* Resources */ = {
			isa = PBXResourcesBuildPhase;
			buildActionMask = 2147483647;
			files = (
			);
			runOnlyForDeploymentPostprocessing = 0;
		};
		922749412EF5008200B1DF91 /* Resources */ = {
			isa = PBXResourcesBuildPhase;
			buildActionMask = 2147483647;
			files = (
			);
			runOnlyForDeploymentPostprocessing = 0;
		};
		9227494B2EF5008200B1DF91 /* Resources */ = {
			isa = PBXResourcesBuildPhase;
			buildActionMask = 2147483647;
			files = (
			);
			runOnlyForDeploymentPostprocessing = 0;
		};
/* End PBXResourcesBuildPhase section */

/* Begin PBXSourcesBuildPhase section */
		922749322EF5008000B1DF91 /* Sources */ = {
			isa = PBXSourcesBuildPhase;
			buildActionMask = 2147483647;
			files = (
				9227496F2EF501F600B1DF91 /* gameView.swift in Sources */,
				922749672EF500F200B1DF91 /* Model.swift in Sources */,
				9227496D2EF5019700B1DF91 /* splashView.swift in Sources */,
				922749692EF5014F00B1DF91 /* splashViewModel.swift in Sources */,
				9227496B2EF5017800B1DF91 /* gameViewModel.swift in Sources */,
			);
			runOnlyForDeploymentPostprocessing = 0;
		};
		9227493F2EF5008200B1DF91 /* Sources */ = {
			isa = PBXSourcesBuildPhase;
			buildActionMask = 2147483647;
			files = (
			);
			runOnlyForDeploymentPostprocessing = 0;
		};
		922749492EF5008200B1DF91 /* Sources */ = {
			isa = PBXSourcesBuildPhase;
			buildActionMask = 2147483647;
			files = (
			);
			runOnlyForDeploymentPostprocessing = 0;
		};
/* End PBXSourcesBuildPhase section */

/* Begin PBXTargetDependency section */
		922749452EF5008200B1DF91 /* PBXTargetDependency */ = {
			isa = PBXTargetDependency;
			target = 922749352EF5008000B1DF91 /* ticTacToeApp */;
			targetProxy = 922749442EF5008200B1DF91 /* PBXContainerItemProxy */;
		};
		9227494F2EF5008200B1DF91 /* PBXTargetDependency */ = {
			isa = PBXTargetDependency;
			target = 922749352EF5008000B1DF91 /* ticTacToeApp */;
			targetProxy = 9227494E2EF5008200B1DF91 /* PBXContainerItemProxy */;
		};
/* End PBXTargetDependency section */

/* Begin XCBuildConfiguration section */
		922749552EF5008200B1DF91 /* Debug */ = {
			isa = XCBuildConfiguration;
			buildSettings = {
				ALWAYS_SEARCH_USER_PATHS = NO;
				ASSETCATALOG_COMPILER_GENERATE_SWIFT_ASSET_SYMBOL_EXTENSIONS = YES;
				CLANG_ANALYZER_NONNULL = YES;
				CLANG_ANALYZER_NUMBER_OBJECT_CONVERSION = YES_AGGRESSIVE;
				CLANG_CXX_LANGUAGE_STANDARD = "gnu++20";
				CLANG_ENABLE_MODULES = YES;
				CLANG_ENABLE_OBJC_ARC = YES;
				CLANG_ENABLE_OBJC_WEAK = YES;
				CLANG_WARN_BLOCK_CAPTURE_AUTORELEASING = YES;
				CLANG_WARN_BOOL_CONVERSION = YES;
				CLANG_WARN_COMMA = YES;
				CLANG_WARN_CONSTANT_CONVERSION = YES;
				CLANG_WARN_DEPRECATED_OBJC_IMPLEMENTATIONS = YES;
				CLANG_WARN_DIRECT_OBJC_ISA_USAGE = YES_ERROR;
				CLANG_WARN_DOCUMENTATION_COMMENTS = YES;
				CLANG_WARN_EMPTY_BODY = YES;
				CLANG_WARN_ENUM_CONVERSION = YES;
				CLANG_WARN_INFINITE_RECURSION = YES;
				CLANG_WARN_INT_CONVERSION = YES;
				CLANG_WARN_NON_LITERAL_NULL_CONVERSION = YES;
				CLANG_WARN_OBJC_IMPLICIT_RETAIN_SELF = YES;
				CLANG_WARN_OBJC_LITERAL_CONVERSION = YES;
				CLANG_WARN_OBJC_ROOT_CLASS = YES_ERROR;
				CLANG_WARN_QUOTED_INCLUDE_IN_FRAMEWORK_HEADER = YES;
				CLANG_WARN_RANGE_LOOP_ANALYSIS = YES;
				CLANG_WARN_STRICT_PROTOTYPES = YES;
				CLANG_WARN_SUSPICIOUS_MOVE = YES;
				CLANG_WARN_UNGUARDED_AVAILABILITY = YES_AGGRESSIVE;
				CLANG_WARN_UNREACHABLE_CODE = YES;
				CLANG_WARN__DUPLICATE_METHOD_MATCH = YES;
				COPY_PHASE_STRIP = NO;
				DEBUG_INFORMATION_FORMAT = dwarf;
				ENABLE_STRICT_OBJC_MSGSEND = YES;
				ENABLE_TESTABILITY = YES;
				ENABLE_USER_SCRIPT_SANDBOXING = YES;
				GCC_C_LANGUAGE_STANDARD = gnu17;
				GCC_DYNAMIC_NO_PIC = NO;
				GCC_NO_COMMON_BLOCKS = YES;
				GCC_OPTIMIZATION_LEVEL = 0;
				GCC_PREPROCESSOR_DEFINITIONS = (
					"DEBUG=1",
					"$(inherited)",
				);
				GCC_WARN_64_TO_32_BIT_CONVERSION = YES;
				GCC_WARN_ABOUT_RETURN_TYPE = YES_ERROR;
				GCC_WARN_UNDECLARED_SELECTOR = YES;
				GCC_WARN_UNINITIALIZED_AUTOS = YES_AGGRESSIVE;
				GCC_WARN_UNUSED_FUNCTION = YES;
				GCC_WARN_UNUSED_VARIABLE = YES;
				IPHONEOS_DEPLOYMENT_TARGET = 18.5;
				LOCALIZATION_PREFERS_STRING_CATALOGS = YES;
				MTL_ENABLE_DEBUG_INFO = INCLUDE_SOURCE;
				MTL_FAST_MATH = YES;
				ONLY_ACTIVE_ARCH = YES;
				SDKROOT = iphoneos;
				SWIFT_ACTIVE_COMPILATION_CONDITIONS = "DEBUG $(inherited)";
				SWIFT_OPTIMIZATION_LEVEL = "-Onone";
			};
			name = Debug;
		};
		922749562EF5008200B1DF91 /* Release */ = {
			isa = XCBuildConfiguration;
			buildSettings = {
				ALWAYS_SEARCH_USER_PATHS = NO;
				ASSETCATALOG_COMPILER_GENERATE_SWIFT_ASSET_SYMBOL_EXTENSIONS = YES;
				CLANG_ANALYZER_NONNULL = YES;
				CLANG_ANALYZER_NUMBER_OBJECT_CONVERSION = YES_AGGRESSIVE;
				CLANG_CXX_LANGUAGE_STANDARD = "gnu++20";
				CLANG_ENABLE_MODULES = YES;
				CLANG_ENABLE_OBJC_ARC = YES;
				CLANG_ENABLE_OBJC_WEAK = YES;
				CLANG_WARN_BLOCK_CAPTURE_AUTORELEASING = YES;
				CLANG_WARN_BOOL_CONVERSION = YES;
				CLANG_WARN_COMMA = YES;
				CLANG_WARN_CONSTANT_CONVERSION = YES;
				CLANG_WARN_DEPRECATED_OBJC_IMPLEMENTATIONS = YES;
				CLANG_WARN_DIRECT_OBJC_ISA_USAGE = YES_ERROR;
				CLANG_WARN_DOCUMENTATION_COMMENTS = YES;
				CLANG_WARN_EMPTY_BODY = YES;
				CLANG_WARN_ENUM_CONVERSION = YES;
				CLANG_WARN_INFINITE_RECURSION = YES;
				CLANG_WARN_INT_CONVERSION = YES;
				CLANG_WARN_NON_LITERAL_NULL_CONVERSION = YES;
				CLANG_WARN_OBJC_IMPLICIT_RETAIN_SELF = YES;
				CLANG_WARN_OBJC_LITERAL_CONVERSION = YES;
				CLANG_WARN_OBJC_ROOT_CLASS = YES_ERROR;
				CLANG_WARN_QUOTED_INCLUDE_IN_FRAMEWORK_HEADER = YES;
				CLANG_WARN_RANGE_LOOP_ANALYSIS = YES;
				CLANG_WARN_STRICT_PROTOTYPES = YES;
				CLANG_WARN_SUSPICIOUS_MOVE = YES;
				CLANG_WARN_UNGUARDED_AVAILABILITY = YES_AGGRESSIVE;
				CLANG_WARN_UNREACHABLE_CODE = YES;
				CLANG_WARN__DUPLICATE_METHOD_MATCH = YES;
				COPY_PHASE_STRIP = NO;
				DEBUG_INFORMATION_FORMAT = "dwarf-with-dsym";
				ENABLE_NS_ASSERTIONS = NO;
				ENABLE_STRICT_OBJC_MSGSEND = YES;
				ENABLE_USER_SCRIPT_SANDBOXING = YES;
				GCC_C_LANGUAGE_STANDARD = gnu17;
				GCC_NO_COMMON_BLOCKS = YES;
				GCC_WARN_64_TO_32_BIT_CONVERSION = YES;
				GCC_WARN_ABOUT_RETURN_TYPE = YES_ERROR;
				GCC_WARN_UNDECLARED_SELECTOR = YES;
				GCC_WARN_UNINITIALIZED_AUTOS = YES_AGGRESSIVE;
				GCC_WARN_UNUSED_FUNCTION = YES;
				GCC_WARN_UNUSED_VARIABLE = YES;
				IPHONEOS_DEPLOYMENT_TARGET = 18.5;
				LOCALIZATION_PREFERS_STRING_CATALOGS = YES;
				MTL_ENABLE_DEBUG_INFO = NO;
				MTL_FAST_MATH = YES;
				SDKROOT = iphoneos;
				SWIFT_COMPILATION_MODE = wholemodule;
				VALIDATE_PRODUCT = YES;
			};
			name = Release;
		};
		922749582EF5008200B1DF91 /* Debug */ = {
			isa = XCBuildConfiguration;
			buildSettings = {
				ASSETCATALOG_COMPILER_APPICON_NAME = AppIcon;
				ASSETCATALOG_COMPILER_GLOBAL_ACCENT_COLOR_NAME = AccentColor;
				CODE_SIGN_STYLE = Automatic;
				CURRENT_PROJECT_VERSION = 1;
				ENABLE_PREVIEWS = YES;
				GENERATE_INFOPLIST_FILE = YES;
				INFOPLIST_KEY_UIApplicationSceneManifest_Generation = YES;
				INFOPLIST_KEY_UIApplicationSupportsIndirectInputEvents = YES;
				INFOPLIST_KEY_UILaunchScreen_Generation = YES;
				INFOPLIST_KEY_UISupportedInterfaceOrientations_iPad = "UIInterfaceOrientationPortrait UIInterfaceOrientationPortraitUpsideDown UIInterfaceOrientationLandscapeLeft UIInterfaceOrientationLandscapeRight";
				INFOPLIST_KEY_UISupportedInterfaceOrientations_iPhone = "UIInterfaceOrientationPortrait UIInterfaceOrientationLandscapeLeft UIInterfaceOrientationLandscapeRight";
				LD_RUNPATH_SEARCH_PATHS = (
					"$(inherited)",
					"@executable_path/Frameworks",
				);
				MARKETING_VERSION = 1.0;
				PRODUCT_BUNDLE_IDENTIFIER = com.Ryzan.ticTacToeApp;
				PRODUCT_NAME = "$(TARGET_NAME)";
				SWIFT_EMIT_LOC_STRINGS = YES;
				SWIFT_VERSION = 5.0;
				TARGETED_DEVICE_FAMILY = "1,2";
			};
			name = Debug;
		};
		922749592EF5008200B1DF91 /* Release */ = {
			isa = XCBuildConfiguration;
			buildSettings = {
				ASSETCATALOG_COMPILER_APPICON_NAME = AppIcon;
				ASSETCATALOG_COMPILER_GLOBAL_ACCENT_COLOR_NAME = AccentColor;
				CODE_SIGN_STYLE = Automatic;
				CURRENT_PROJECT_VERSION = 1;
				ENABLE_PREVIEWS = YES;
				GENERATE_INFOPLIST_FILE = YES;
				INFOPLIST_KEY_UIApplicationSceneManifest_Generation = YES;
				INFOPLIST_KEY_UIApplicationSupportsIndirectInputEvents = YES;
				INFOPLIST_KEY_UILaunchScreen_Generation = YES;
				INFOPLIST_KEY_UISupportedInterfaceOrientations_iPad = "UIInterfaceOrientationPortrait UIInterfaceOrientationPortraitUpsideDown UIInterfaceOrientationLandscapeLeft UIInterfaceOrientationLandscapeRight";
				INFOPLIST_KEY_UISupportedInterfaceOrientations_iPhone = "UIInterfaceOrientationPortrait UIInterfaceOrientationLandscapeLeft UIInterfaceOrientationLandscapeRight";
				LD_RUNPATH_SEARCH_PATHS = (
					"$(inherited)",
					"@executable_path/Frameworks",
				);
				MARKETING_VERSION = 1.0;
				PRODUCT_BUNDLE_IDENTIFIER = com.Ryzan.ticTacToeApp;
				PRODUCT_NAME = "$(TARGET_NAME)";
				SWIFT_EMIT_LOC_STRINGS = YES;
				SWIFT_VERSION = 5.0;
				TARGETED_DEVICE_FAMILY = "1,2";
			};
			name = Release;
		};
		9227495B2EF5008200B1DF91 /* Debug */ = {
			isa = XCBuildConfiguration;
			buildSettings = {
				BUNDLE_LOADER = "$(TEST_HOST)";
				CODE_SIGN_STYLE = Automatic;
				CURRENT_PROJECT_VERSION = 1;
				GENERATE_INFOPLIST_FILE = YES;
				IPHONEOS_DEPLOYMENT_TARGET = 18.5;
				MARKETING_VERSION = 1.0;
				PRODUCT_BUNDLE_IDENTIFIER = com.Ryzan.ticTacToeAppTests;
				PRODUCT_NAME = "$(TARGET_NAME)";
				SWIFT_EMIT_LOC_STRINGS = NO;
				SWIFT_VERSION = 5.0;
				TARGETED_DEVICE_FAMILY = "1,2";
				TEST_HOST = "$(BUILT_PRODUCTS_DIR)/ticTacToeApp.app/$(BUNDLE_EXECUTABLE_FOLDER_PATH)/ticTacToeApp";
			};
			name = Debug;
		};
		9227495C2EF5008200B1DF91 /* Release */ = {
			isa = XCBuildConfiguration;
			buildSettings = {
				BUNDLE_LOADER = "$(TEST_HOST)";
				CODE_SIGN_STYLE = Automatic;
				CURRENT_PROJECT_VERSION = 1;
				GENERATE_INFOPLIST_FILE = YES;
				IPHONEOS_DEPLOYMENT_TARGET = 18.5;
				MARKETING_VERSION = 1.0;
				PRODUCT_BUNDLE_IDENTIFIER = com.Ryzan.ticTacToeAppTests;
				PRODUCT_NAME = "$(TARGET_NAME)";
				SWIFT_EMIT_LOC_STRINGS = NO;
				SWIFT_VERSION = 5.0;
				TARGETED_DEVICE_FAMILY = "1,2";
				TEST_HOST = "$(BUILT_PRODUCTS_DIR)/ticTacToeApp.app/$(BUNDLE_EXECUTABLE_FOLDER_PATH)/ticTacToeApp";
			};
			name = Release;
		};
		9227495E2EF5008200B1DF91 /* Debug */ = {
			isa = XCBuildConfiguration;
			buildSettings = {
				CODE_SIGN_STYLE = Automatic;
				CURRENT_PROJECT_VERSION = 1;
				GENERATE_INFOPLIST_FILE = YES;
				MARKETING_VERSION = 1.0;
				PRODUCT_BUNDLE_IDENTIFIER = com.Ryzan.ticTacToeAppUITests;
				PRODUCT_NAME = "$(TARGET_NAME)";
				SWIFT_EMIT_LOC_STRINGS = NO;
				SWIFT_VERSION = 5.0;
				TARGETED_DEVICE_FAMILY = "1,2";
				TEST_TARGET_NAME = ticTacToeApp;
			};
			name = Debug;
		};
		9227495F2EF5008200B1DF91 /* Release */ = {
			isa = XCBuildConfiguration;
			buildSettings = {
				CODE_SIGN_STYLE = Automatic;
				CURRENT_PROJECT_VERSION = 1;
				GENERATE_INFOPLIST_FILE = YES;
				MARKETING_VERSION = 1.0;
				PRODUCT_BUNDLE_IDENTIFIER = com.Ryzan.ticTacToeAppUITests;
				PRODUCT_NAME = "$(TARGET_NAME)";
				SWIFT_EMIT_LOC_STRINGS = NO;
				SWIFT_VERSION = 5.0;
				TARGETED_DEVICE_FAMILY = "1,2";
				TEST_TARGET_NAME = ticTacToeApp;
			};
			name = Release;
		};
/* End XCBuildConfiguration section */

/* Begin XCConfigurationList section */
		922749312EF5008000B1DF91 /* Build configuration list for PBXProject "ticTacToeApp" */ = {
			isa = XCConfigurationList;
			buildConfigurations = (
				922749552EF5008200B1DF91 /* Debug */,
				922749562EF5008200B1DF91 /* Release */,
			);
			defaultConfigurationIsVisible = 0;
			defaultConfigurationName = Release;
		};
		922749572EF5008200B1DF91 /* Build configuration list for PBXNativeTarget "ticTacToeApp" */ = {
			isa = XCConfigurationList;
			buildConfigurations = (
				922749582EF5008200B1DF91 /* Debug */,
				922749592EF5008200B1DF91 /* Release */,
			);
			defaultConfigurationIsVisible = 0;
			defaultConfigurationName = Release;
		};
		9227495A2EF5008200B1DF91 /* Build configuration list for PBXNativeTarget "ticTacToeAppTests" */ = {
			isa = XCConfigurationList;
			buildConfigurations = (
				9227495B2EF5008200B1DF91 /* Debug */,
				9227495C2EF5008200B1DF91 /* Release */,
			);
			defaultConfigurationIsVisible = 0;
			defaultConfigurationName = Release;
		};
		9227495D2EF5008200B1DF91 /* Build configuration list for PBXNativeTarget "ticTacToeAppUITests" */ = {
			isa = XCConfigurationList;
			buildConfigurations = (
				9227495E2EF5008200B1DF91 /* Debug */,
				9227495F2EF5008200B1DF91 /* Release */,
			);
			defaultConfigurationIsVisible = 0;
			defaultConfigurationName = Release;
		};
/* End XCConfigurationList section */
	};
	rootObject = 9227492E2EF5008000B1DF91 /* Project object */;
}
